
Microsoft Visual Studio Solution File, Format Version 12.00
# Visual Studio Version 16
VisualStudioVersion = 16.0.29709.97
MinimumVisualStudioVersion = 10.0.40219.1
Project("{9A19103F-16F7-4668-BE54-9A1E7A4F7556}") = "ConsoleAppCore", "ConsoleAppCore\ConsoleAppCore.csproj", "{A0620C53-005B-4330-9946-2B1F5C49FCE1}"
EndProject
Global
	GlobalSection(SolutionConfigurationPlatforms) = preSolution
		Debug|Any CPU = Debug|Any CPU
		Release|Any CPU = Release|Any CPU
	EndGlobalSection
	GlobalSection(ProjectConfigurationPlatforms) = postSolution
		{A0620C53-005B-4330-9946-2B1F5C49FCE1}.Debug|Any CPU.ActiveCfg = Debug|Any CPU
		{A0620C53-005B-4330-9946-2B1F5C49FCE1}.Debug|Any CPU.Build.0 = Debug|Any CPU
		{A0620C53-005B-4330-9946-2B1F5C49FCE1}.Release|Any CPU.ActiveCfg = Release|Any CPU
		{A0620C53-005B-4330-9946-2B1F5C49FCE1}.Release|Any CPU.Build.0 = Release|Any CPU
	EndGlobalSection
	GlobalSection(SolutionProperties) = preSolution
		HideSolutionNode = FALSE
	EndGlobalSection
	GlobalSection(ExtensibilityGlobals) = postSolution
		SolutionGuid = {AEA0ADC6-A0E9-4CC9-9582-ECF06F0BF9DD}
	EndGlobalSection
EndGlobal
